
Microsoft Visual Studio Solution File, Format Version 12.00
# Visual Studio 14
VisualStudioVersion = 14.0.25420.1
MinimumVisualStudioVersion = 10.0.40219.1
Project("{00D1A9C2-B5F0-4AF3-8072-F6C62B433612}") = "DBAzothSchroll", "Database\DBAzothSchroll.sqlproj", "{B38AA38F-AF6C-45DF-9AD1-305C4DCCD9A9}"
EndProject
Project("{00D1A9C2-B5F0-4AF3-8072-F6C62B433612}") = "DBAzothADM", "DBAzothADM\DBAzothADM.sqlproj", "{43206A80-ABB6-4488-B79B-4EA94DA9EC1B}"
EndProject
Project("{00D1A9C2-B5F0-4AF3-8072-F6C62B433612}") = "DBAzothExchange", "DBAzothExchange\DBAzothExchange.sqlproj", "{4A36BA16-903F-4F4D-B5A5-590E629DD2C9}"
EndProject
Global
	GlobalSection(SolutionConfigurationPlatforms) = preSolution
		Debug|Any CPU = Debug|Any CPU
		Release|Any CPU = Release|Any CPU
	EndGlobalSection
	GlobalSection(ProjectConfigurationPlatforms) = postSolution
		{B38AA38F-AF6C-45DF-9AD1-305C4DCCD9A9}.Debug|Any CPU.ActiveCfg = Debug|Any CPU
		{B38AA38F-AF6C-45DF-9AD1-305C4DCCD9A9}.Debug|Any CPU.Build.0 = Debug|Any CPU
		{B38AA38F-AF6C-45DF-9AD1-305C4DCCD9A9}.Debug|Any CPU.Deploy.0 = Debug|Any CPU
		{B38AA38F-AF6C-45DF-9AD1-305C4DCCD9A9}.Release|Any CPU.ActiveCfg = Release|Any CPU
		{B38AA38F-AF6C-45DF-9AD1-305C4DCCD9A9}.Release|Any CPU.Build.0 = Release|Any CPU
		{B38AA38F-AF6C-45DF-9AD1-305C4DCCD9A9}.Release|Any CPU.Deploy.0 = Release|Any CPU
		{43206A80-ABB6-4488-B79B-4EA94DA9EC1B}.Debug|Any CPU.ActiveCfg = Debug|Any CPU
		{43206A80-ABB6-4488-B79B-4EA94DA9EC1B}.Debug|Any CPU.Build.0 = Debug|Any CPU
		{43206A80-ABB6-4488-B79B-4EA94DA9EC1B}.Debug|Any CPU.Deploy.0 = Debug|Any CPU
		{43206A80-ABB6-4488-B79B-4EA94DA9EC1B}.Release|Any CPU.ActiveCfg = Release|Any CPU
		{43206A80-ABB6-4488-B79B-4EA94DA9EC1B}.Release|Any CPU.Build.0 = Release|Any CPU
		{43206A80-ABB6-4488-B79B-4EA94DA9EC1B}.Release|Any CPU.Deploy.0 = Release|Any CPU
		{4A36BA16-903F-4F4D-B5A5-590E629DD2C9}.Debug|Any CPU.ActiveCfg = Debug|Any CPU
		{4A36BA16-903F-4F4D-B5A5-590E629DD2C9}.Debug|Any CPU.Build.0 = Debug|Any CPU
		{4A36BA16-903F-4F4D-B5A5-590E629DD2C9}.Debug|Any CPU.Deploy.0 = Debug|Any CPU
		{4A36BA16-903F-4F4D-B5A5-590E629DD2C9}.Release|Any CPU.ActiveCfg = Release|Any CPU
		{4A36BA16-903F-4F4D-B5A5-590E629DD2C9}.Release|Any CPU.Build.0 = Release|Any CPU
		{4A36BA16-903F-4F4D-B5A5-590E629DD2C9}.Release|Any CPU.Deploy.0 = Release|Any CPU
	EndGlobalSection
	GlobalSection(SolutionProperties) = preSolution
		HideSolutionNode = FALSE
	EndGlobalSection
EndGlobal
